
Microsoft Visual Studio Solution File, Format Version 12.00
# Visual Studio 14
VisualStudioVersion = 14.0.24720.0
MinimumVisualStudioVersion = 10.0.40219.1
Project("{FAE04EC0-301F-11D3-BF4B-00C04F79EFBC}") = "CommerceStarterKit.Core", "src\common\Core\CommerceStarterKit.Core.csproj", "{01A92F8F-E704-4F78-8DCA-67E76B8A6CCF}"
EndProject
Project("{FAE04EC0-301F-11D3-BF4B-00C04F79EFBC}") = "CommerceStarterKit.Commerce", "src\commerce\CommerceStarterKit.Commerce.csproj", "{20146EB5-4361-4F8F-B81F-FBCF5A0A9F26}"
EndProject
Project("{FAE04EC0-301F-11D3-BF4B-00C04F79EFBC}") = "CommerceStarterKit.Web", "src\web\CommerceStarterKit.Web.csproj", "{1502E55F-A6D6-490F-8AE9-2E83F768BE44}"
EndProject
Project("{FAE04EC0-301F-11D3-BF4B-00C04F79EFBC}") = "CommerceStarterKit.Web.UnitTests", "src\CommerceStarterKit.Web.UnitTests\CommerceStarterKit.Web.UnitTests.csproj", "{102BB184-DC1A-43D3-9462-2A32BE581878}"
EndProject
Project("{FAE04EC0-301F-11D3-BF4B-00C04F79EFBC}") = "CommerceStarterKit.CatalogImporter", "src\CommerceStarterKit.CatalogImporter\CommerceStarterKit.CatalogImporter.csproj", "{B10CCE50-1168-40F1-83C1-FFC343883C65}"
EndProject
Project("{2150E333-8FDC-42A3-9474-1A3956D46DE8}") = "Resources", "Resources", "{E62B8E79-6930-4FB9-8710-4630D84E2200}"
	ProjectSection(SolutionItems) = preProject
		README.md = README.md
	EndProjectSection
EndProject
Project("{FAE04EC0-301F-11D3-BF4B-00C04F79EFBC}") = "CommerceStarterKit.PriceService", "src\CommerceStarterKit.PriceService\CommerceStarterKit.PriceService.csproj", "{B0CD90AD-3A55-4E03-8F67-A1AE885098BA}"
EndProject
Global
	GlobalSection(SolutionConfigurationPlatforms) = preSolution
		Debug|Any CPU = Debug|Any CPU
		Debug|Mixed Platforms = Debug|Mixed Platforms
		Debug|x86 = Debug|x86
		Release|Any CPU = Release|Any CPU
		Release|Mixed Platforms = Release|Mixed Platforms
		Release|x86 = Release|x86
	EndGlobalSection
	GlobalSection(ProjectConfigurationPlatforms) = postSolution
		{01A92F8F-E704-4F78-8DCA-67E76B8A6CCF}.Debug|Any CPU.ActiveCfg = Debug|Any CPU
		{01A92F8F-E704-4F78-8DCA-67E76B8A6CCF}.Debug|Any CPU.Build.0 = Debug|Any CPU
		{01A92F8F-E704-4F78-8DCA-67E76B8A6CCF}.Debug|Mixed Platforms.ActiveCfg = Debug|Any CPU
		{01A92F8F-E704-4F78-8DCA-67E76B8A6CCF}.Debug|Mixed Platforms.Build.0 = Debug|Any CPU
		{01A92F8F-E704-4F78-8DCA-67E76B8A6CCF}.Debug|x86.ActiveCfg = Debug|Any CPU
		{01A92F8F-E704-4F78-8DCA-67E76B8A6CCF}.Release|Any CPU.ActiveCfg = Release|Any CPU
		{01A92F8F-E704-4F78-8DCA-67E76B8A6CCF}.Release|Any CPU.Build.0 = Release|Any CPU
		{01A92F8F-E704-4F78-8DCA-67E76B8A6CCF}.Release|Mixed Platforms.ActiveCfg = Release|Any CPU
		{01A92F8F-E704-4F78-8DCA-67E76B8A6CCF}.Release|Mixed Platforms.Build.0 = Release|Any CPU
		{01A92F8F-E704-4F78-8DCA-67E76B8A6CCF}.Release|x86.ActiveCfg = Release|Any CPU
		{20146EB5-4361-4F8F-B81F-FBCF5A0A9F26}.Debug|Any CPU.ActiveCfg = Debug|Any CPU
		{20146EB5-4361-4F8F-B81F-FBCF5A0A9F26}.Debug|Any CPU.Build.0 = Debug|Any CPU
		{20146EB5-4361-4F8F-B81F-FBCF5A0A9F26}.Debug|Mixed Platforms.ActiveCfg = Debug|Any CPU
		{20146EB5-4361-4F8F-B81F-FBCF5A0A9F26}.Debug|Mixed Platforms.Build.0 = Debug|Any CPU
		{20146EB5-4361-4F8F-B81F-FBCF5A0A9F26}.Debug|x86.ActiveCfg = Debug|Any CPU
		{20146EB5-4361-4F8F-B81F-FBCF5A0A9F26}.Release|Any CPU.ActiveCfg = Release|Any CPU
		{20146EB5-4361-4F8F-B81F-FBCF5A0A9F26}.Release|Any CPU.Build.0 = Release|Any CPU
		{20146EB5-4361-4F8F-B81F-FBCF5A0A9F26}.Release|Mixed Platforms.ActiveCfg = Release|Any CPU
		{20146EB5-4361-4F8F-B81F-FBCF5A0A9F26}.Release|Mixed Platforms.Build.0 = Release|Any CPU
		{20146EB5-4361-4F8F-B81F-FBCF5A0A9F26}.Release|x86.ActiveCfg = Release|Any CPU
		{1502E55F-A6D6-490F-8AE9-2E83F768BE44}.Debug|Any CPU.ActiveCfg = Debug|Any CPU
		{1502E55F-A6D6-490F-8AE9-2E83F768BE44}.Debug|Any CPU.Build.0 = Debug|Any CPU
		{1502E55F-A6D6-490F-8AE9-2E83F768BE44}.Debug|Mixed Platforms.ActiveCfg = Debug|Any CPU
		{1502E55F-A6D6-490F-8AE9-2E83F768BE44}.Debug|Mixed Platforms.Build.0 = Debug|Any CPU
		{1502E55F-A6D6-490F-8AE9-2E83F768BE44}.Debug|x86.ActiveCfg = Debug|Any CPU
		{1502E55F-A6D6-490F-8AE9-2E83F768BE44}.Release|Any CPU.ActiveCfg = Release|Any CPU
		{1502E55F-A6D6-490F-8AE9-2E83F768BE44}.Release|Any CPU.Build.0 = Release|Any CPU
		{1502E55F-A6D6-490F-8AE9-2E83F768BE44}.Release|Mixed Platforms.ActiveCfg = Release|Any CPU
		{1502E55F-A6D6-490F-8AE9-2E83F768BE44}.Release|Mixed Platforms.Build.0 = Release|Any CPU
		{1502E55F-A6D6-490F-8AE9-2E83F768BE44}.Release|x86.ActiveCfg = Release|Any CPU
		{102BB184-DC1A-43D3-9462-2A32BE581878}.Debug|Any CPU.ActiveCfg = Debug|Any CPU
		{102BB184-DC1A-43D3-9462-2A32BE581878}.Debug|Any CPU.Build.0 = Debug|Any CPU
		{102BB184-DC1A-43D3-9462-2A32BE581878}.Debug|Mixed Platforms.ActiveCfg = Debug|Any CPU
		{102BB184-DC1A-43D3-9462-2A32BE581878}.Debug|Mixed Platforms.Build.0 = Debug|Any CPU
		{102BB184-DC1A-43D3-9462-2A32BE581878}.Debug|x86.ActiveCfg = Debug|Any CPU
		{102BB184-DC1A-43D3-9462-2A32BE581878}.Release|Any CPU.ActiveCfg = Release|Any CPU
		{102BB184-DC1A-43D3-9462-2A32BE581878}.Release|Any CPU.Build.0 = Release|Any CPU
		{102BB184-DC1A-43D3-9462-2A32BE581878}.Release|Mixed Platforms.ActiveCfg = Release|Any CPU
		{102BB184-DC1A-43D3-9462-2A32BE581878}.Release|Mixed Platforms.Build.0 = Release|Any CPU
		{102BB184-DC1A-43D3-9462-2A32BE581878}.Release|x86.ActiveCfg = Release|Any CPU
		{B10CCE50-1168-40F1-83C1-FFC343883C65}.Debug|Any CPU.ActiveCfg = Debug|Any CPU
		{B10CCE50-1168-40F1-83C1-FFC343883C65}.Debug|Any CPU.Build.0 = Debug|Any CPU
		{B10CCE50-1168-40F1-83C1-FFC343883C65}.Debug|Mixed Platforms.ActiveCfg = Debug|Any CPU
		{B10CCE50-1168-40F1-83C1-FFC343883C65}.Debug|Mixed Platforms.Build.0 = Debug|Any CPU
		{B10CCE50-1168-40F1-83C1-FFC343883C65}.Debug|x86.ActiveCfg = Debug|Any CPU
		{B10CCE50-1168-40F1-83C1-FFC343883C65}.Release|Any CPU.ActiveCfg = Release|Any CPU
		{B10CCE50-1168-40F1-83C1-FFC343883C65}.Release|Any CPU.Build.0 = Release|Any CPU
		{B10CCE50-1168-40F1-83C1-FFC343883C65}.Release|Mixed Platforms.ActiveCfg = Release|Any CPU
		{B10CCE50-1168-40F1-83C1-FFC343883C65}.Release|Mixed Platforms.Build.0 = Release|Any CPU
		{B10CCE50-1168-40F1-83C1-FFC343883C65}.Release|x86.ActiveCfg = Release|Any CPU
		{B0CD90AD-3A55-4E03-8F67-A1AE885098BA}.Debug|Any CPU.ActiveCfg = Debug|Any CPU
		{B0CD90AD-3A55-4E03-8F67-A1AE885098BA}.Debug|Any CPU.Build.0 = Debug|Any CPU
		{B0CD90AD-3A55-4E03-8F67-A1AE885098BA}.Debug|Mixed Platforms.ActiveCfg = Debug|Any CPU
		{B0CD90AD-3A55-4E03-8F67-A1AE885098BA}.Debug|Mixed Platforms.Build.0 = Debug|Any CPU
		{B0CD90AD-3A55-4E03-8F67-A1AE885098BA}.Debug|x86.ActiveCfg = Debug|Any CPU
		{B0CD90AD-3A55-4E03-8F67-A1AE885098BA}.Debug|x86.Build.0 = Debug|Any CPU
		{B0CD90AD-3A55-4E03-8F67-A1AE885098BA}.Release|Any CPU.ActiveCfg = Release|Any CPU
		{B0CD90AD-3A55-4E03-8F67-A1AE885098BA}.Release|Any CPU.Build.0 = Release|Any CPU
		{B0CD90AD-3A55-4E03-8F67-A1AE885098BA}.Release|Mixed Platforms.ActiveCfg = Release|Any CPU
		{B0CD90AD-3A55-4E03-8F67-A1AE885098BA}.Release|Mixed Platforms.Build.0 = Release|Any CPU
		{B0CD90AD-3A55-4E03-8F67-A1AE885098BA}.Release|x86.ActiveCfg = Release|Any CPU
		{B0CD90AD-3A55-4E03-8F67-A1AE885098BA}.Release|x86.Build.0 = Release|Any CPU
	EndGlobalSection
	GlobalSection(SolutionProperties) = preSolution
		HideSolutionNode = FALSE
	EndGlobalSection
EndGlobal
